
Microsoft Visual Studio Solution File, Format Version 12.00
# Visual Studio Version 16
VisualStudioVersion = 16.0.31205.134
MinimumVisualStudioVersion = 10.0.40219.1
Project("{9A19103F-16F7-4668-BE54-9A1E7A4F7556}") = "LibraryConsoleApp", "LibraryConsoleApp\LibraryConsoleApp.csproj", "{F7E4C888-980B-4A94-9679-DEDC3FB86729}"
EndProject
Project("{FAE04EC0-301F-11D3-BF4B-00C04F79EFBC}") = "LibraryUnitTests", "LibraryUnitTests\LibraryUnitTests.csproj", "{0F96E105-92A8-48DF-93DC-F48A31E62CB4}"
EndProject
Global
	GlobalSection(SolutionConfigurationPlatforms) = preSolution
		Debug|Any CPU = Debug|Any CPU
		Release|Any CPU = Release|Any CPU
	EndGlobalSection
	GlobalSection(ProjectConfigurationPlatforms) = postSolution
		{F7E4C888-980B-4A94-9679-DEDC3FB86729}.Debug|Any CPU.ActiveCfg = Debug|Any CPU
		{F7E4C888-980B-4A94-9679-DEDC3FB86729}.Debug|Any CPU.Build.0 = Debug|Any CPU
		{F7E4C888-980B-4A94-9679-DEDC3FB86729}.Release|Any CPU.ActiveCfg = Release|Any CPU
		{F7E4C888-980B-4A94-9679-DEDC3FB86729}.Release|Any CPU.Build.0 = Release|Any CPU
		{0F96E105-92A8-48DF-93DC-F48A31E62CB4}.Debug|Any CPU.ActiveCfg = Debug|Any CPU
		{0F96E105-92A8-48DF-93DC-F48A31E62CB4}.Debug|Any CPU.Build.0 = Debug|Any CPU
		{0F96E105-92A8-48DF-93DC-F48A31E62CB4}.Release|Any CPU.ActiveCfg = Release|Any CPU
		{0F96E105-92A8-48DF-93DC-F48A31E62CB4}.Release|Any CPU.Build.0 = Release|Any CPU
	EndGlobalSection
	GlobalSection(SolutionProperties) = preSolution
		HideSolutionNode = FALSE
	EndGlobalSection
	GlobalSection(ExtensibilityGlobals) = postSolution
		SolutionGuid = {436F49A3-D6D1-4741-A218-0774516B110D}
	EndGlobalSection
EndGlobal
